
Microsoft Visual Studio Solution File, Format Version 12.00
# Visual Studio Version 17
VisualStudioVersion = 17.5.33516.290
MinimumVisualStudioVersion = 10.0.40219.1
Project("{FAE04EC0-301F-11D3-BF4B-00C04F79EFBC}") = "VRhfo.UI", "VRhfo.UI\VRhfo.UI.csproj", "{C3FB285F-C15E-4013-9444-BF0BE0487831}"
EndProject
Global
	GlobalSection(SolutionConfigurationPlatforms) = preSolution
		Debug|Any CPU = Debug|Any CPU
		Release|Any CPU = Release|Any CPU
	EndGlobalSection
	GlobalSection(ProjectConfigurationPlatforms) = postSolution
		{C3FB285F-C15E-4013-9444-BF0BE0487831}.Debug|Any CPU.ActiveCfg = Debug|Any CPU
		{C3FB285F-C15E-4013-9444-BF0BE0487831}.Debug|Any CPU.Build.0 = Debug|Any CPU
		{C3FB285F-C15E-4013-9444-BF0BE0487831}.Release|Any CPU.ActiveCfg = Release|Any CPU
		{C3FB285F-C15E-4013-9444-BF0BE0487831}.Release|Any CPU.Build.0 = Release|Any CPU
	EndGlobalSection
	GlobalSection(SolutionProperties) = preSolution
		HideSolutionNode = FALSE
	EndGlobalSection
	GlobalSection(ExtensibilityGlobals) = postSolution
		SolutionGuid = {D0C0613C-DEA1-4BB6-827E-D9F51BA47145}
	EndGlobalSection
EndGlobal
